
Microsoft Visual Studio Solution File, Format Version 12.00
# Visual Studio 2015
Project("{FAE04EC0-301F-11D3-BF4B-00C04F79EFBC}") = "MP1.CSharp", "MP1.CSharp.csproj", "{9FF6F0D4-AE63-7C6E-9FCC-DC673174E7D0}"
EndProject
Project("{FAE04EC0-301F-11D3-BF4B-00C04F79EFBC}") = "MP1.CSharp.Editor", "MP1.CSharp.Editor.csproj", "{79304B34-7F2B-231A-88C4-09E13C38B416}"
EndProject
Global
	GlobalSection(SolutionConfigurationPlatforms) = preSolution
		Debug|Any CPU = Debug|Any CPU
		Release|Any CPU = Release|Any CPU
	EndGlobalSection
	GlobalSection(ProjectConfigurationPlatforms) = postSolution
		{9FF6F0D4-AE63-7C6E-9FCC-DC673174E7D0}.Debug|Any CPU.ActiveCfg = Debug|Any CPU
		{9FF6F0D4-AE63-7C6E-9FCC-DC673174E7D0}.Debug|Any CPU.Build.0 = Debug|Any CPU
		{9FF6F0D4-AE63-7C6E-9FCC-DC673174E7D0}.Release|Any CPU.ActiveCfg = Release|Any CPU
		{9FF6F0D4-AE63-7C6E-9FCC-DC673174E7D0}.Release|Any CPU.Build.0 = Release|Any CPU
		{79304B34-7F2B-231A-88C4-09E13C38B416}.Debug|Any CPU.ActiveCfg = Debug|Any CPU
		{79304B34-7F2B-231A-88C4-09E13C38B416}.Debug|Any CPU.Build.0 = Debug|Any CPU
		{79304B34-7F2B-231A-88C4-09E13C38B416}.Release|Any CPU.ActiveCfg = Release|Any CPU
		{79304B34-7F2B-231A-88C4-09E13C38B416}.Release|Any CPU.Build.0 = Release|Any CPU
	EndGlobalSection
	GlobalSection(SolutionProperties) = preSolution
		HideSolutionNode = FALSE
	EndGlobalSection
EndGlobal
